// !$*UTF8*$!
{
	archiveVersion = 1;
	classes = {
	};
	objectVersion = 46;
	objects = {

/* Begin PBXBuildFile section */
		0F17EA091947AB2F00EBE443 /* CKGroupRootVC.m in Sources */ = {isa = PBXBuildFile; fileRef = 0F17EA081947AB2F00EBE443 /* CKGroupRootVC.m */; };
		0F17EA0C1947AEE000EBE443 /* CKHotBoxRootVC.m in Sources */ = {isa = PBXBuildFile; fileRef = 0F17EA0B1947AEE000EBE443 /* CKHotBoxRootVC.m */; };
		0F17EA101947B95C00EBE443 /* CKAllEventsVC.m in Sources */ = {isa = PBXBuildFile; fileRef = 0F17EA0F1947B95C00EBE443 /* CKAllEventsVC.m */; };
		0F2212CF1948F30900A1374D /* CKGroupMemberVC.m in Sources */ = {isa = PBXBuildFile; fileRef = 0F2212CE1948F30900A1374D /* CKGroupMemberVC.m */; };
		0F2212D31949085F00A1374D /* CKContactsCell.m in Sources */ = {isa = PBXBuildFile; fileRef = 0F2212D21949085F00A1374D /* CKContactsCell.m */; };
		0F2E1735194AD04900EA489C /* CoreImage.framework in Frameworks */ = {isa = PBXBuildFile; fileRef = 0F2E1734194AD04900EA489C /* CoreImage.framework */; };
		0F37B6661905CEC30006444C /* Foundation.framework in Frameworks */ = {isa = PBXBuildFile; fileRef = 0F37B6651905CEC30006444C /* Foundation.framework */; };
		0F37B6681905CEC30006444C /* CoreGraphics.framework in Frameworks */ = {isa = PBXBuildFile; fileRef = 0F37B6671905CEC30006444C /* CoreGraphics.framework */; };
		0F37B66A1905CEC30006444C /* UIKit.framework in Frameworks */ = {isa = PBXBuildFile; fileRef = 0F37B6691905CEC30006444C /* UIKit.framework */; };
		0F37B66C1905CEC30006444C /* CoreData.framework in Frameworks */ = {isa = PBXBuildFile; fileRef = 0F37B66B1905CEC30006444C /* CoreData.framework */; };
		0F37B6721905CEC30006444C /* InfoPlist.strings in Resources */ = {isa = PBXBuildFile; fileRef = 0F37B6701905CEC30006444C /* InfoPlist.strings */; };
		0F37B6741905CEC30006444C /* main.m in Sources */ = {isa = PBXBuildFile; fileRef = 0F37B6731905CEC30006444C /* main.m */; };
		0F37B6781905CEC30006444C /* CKAppDelegate.m in Sources */ = {isa = PBXBuildFile; fileRef = 0F37B6771905CEC30006444C /* CKAppDelegate.m */; };
		0F37B67B1905CEC30006444C /* Snapoll.xcdatamodeld in Sources */ = {isa = PBXBuildFile; fileRef = 0F37B6791905CEC30006444C /* Snapoll.xcdatamodeld */; };
		0F37B67D1905CEC30006444C /* Images.xcassets in Resources */ = {isa = PBXBuildFile; fileRef = 0F37B67C1905CEC30006444C /* Images.xcassets */; };
		0F37B6841905CEC30006444C /* XCTest.framework in Frameworks */ = {isa = PBXBuildFile; fileRef = 0F37B6831905CEC30006444C /* XCTest.framework */; };
		0F37B6851905CEC30006444C /* Foundation.framework in Frameworks */ = {isa = PBXBuildFile; fileRef = 0F37B6651905CEC30006444C /* Foundation.framework */; };
		0F37B6861905CEC30006444C /* UIKit.framework in Frameworks */ = {isa = PBXBuildFile; fileRef = 0F37B6691905CEC30006444C /* UIKit.framework */; };
		0F37B6871905CEC30006444C /* CoreData.framework in Frameworks */ = {isa = PBXBuildFile; fileRef = 0F37B66B1905CEC30006444C /* CoreData.framework */; };
		0F37B68F1905CEC30006444C /* InfoPlist.strings in Resources */ = {isa = PBXBuildFile; fileRef = 0F37B68D1905CEC30006444C /* InfoPlist.strings */; };
		0F37B6911905CEC30006444C /* SnapollTests.m in Sources */ = {isa = PBXBuildFile; fileRef = 0F37B6901905CEC30006444C /* SnapollTests.m */; };
		0F37B69B1905CEF50006444C /* Storyboard.storyboard in Resources */ = {isa = PBXBuildFile; fileRef = 0F37B69A1905CEF50006444C /* Storyboard.storyboard */; };
		0F37B6A21905DB150006444C /* CKGroupVC.m in Sources */ = {isa = PBXBuildFile; fileRef = 0F37B6A11905DB150006444C /* CKGroupVC.m */; };
		0F4417261905F0120090E88C /* CKGroup.m in Sources */ = {isa = PBXBuildFile; fileRef = 0F4417251905F0120090E88C /* CKGroup.m */; };
		0F44172A1905F03D0090E88C /* CKUser.m in Sources */ = {isa = PBXBuildFile; fileRef = 0F4417291905F03D0090E88C /* CKUser.m */; };
		0F44172D1905F0750090E88C /* CKMessage.m in Sources */ = {isa = PBXBuildFile; fileRef = 0F44172C1905F0750090E88C /* CKMessage.m */; };
		0F4417301905F3770090E88C /* CKSimpleText.m in Sources */ = {isa = PBXBuildFile; fileRef = 0F44172F1905F3770090E88C /* CKSimpleText.m */; };
		0F4417331905F46D0090E88C /* CKPoll.m in Sources */ = {isa = PBXBuildFile; fileRef = 0F4417321905F46D0090E88C /* CKPoll.m */; };
		0F4417361905F4770090E88C /* CKQuestion.m in Sources */ = {isa = PBXBuildFile; fileRef = 0F4417351905F4770090E88C /* CKQuestion.m */; };
		0F4417391905F6BB0090E88C /* CKEnumerations.m in Sources */ = {isa = PBXBuildFile; fileRef = 0F4417381905F6BB0090E88C /* CKEnumerations.m */; };
		0F44173F1905F9750090E88C /* CKConstants.m in Sources */ = {isa = PBXBuildFile; fileRef = 0F44173E1905F9750090E88C /* CKConstants.m */; };
		0F4417441905FC6D0090E88C /* CKMultipleChoice.m in Sources */ = {isa = PBXBuildFile; fileRef = 0F4417431905FC6D0090E88C /* CKMultipleChoice.m */; };
		0F4417471905FC930090E88C /* CKFreeResponse.m in Sources */ = {isa = PBXBuildFile; fileRef = 0F4417461905FC930090E88C /* CKFreeResponse.m */; };
		0F4F0E59191D99C7008B4480 /* CKAddContactsTVCell.m in Sources */ = {isa = PBXBuildFile; fileRef = 0F4F0E58191D99C7008B4480 /* CKAddContactsTVCell.m */; };
		0F70DA6E19181A8C00DD6996 /* CKNewMemberVC.m in Sources */ = {isa = PBXBuildFile; fileRef = 0F70DA6D19181A8C00DD6996 /* CKNewMemberVC.m */; };
		0F70DA781918457E00DD6996 /* CKProfileVC.m in Sources */ = {isa = PBXBuildFile; fileRef = 0F70DA771918457E00DD6996 /* CKProfileVC.m */; };
		0F8D924019136BD6002432A6 /* CKSignUpVC.m in Sources */ = {isa = PBXBuildFile; fileRef = 0F8D923F19136BD6002432A6 /* CKSignUpVC.m */; };
		0F8FC0E31912C88900D27B80 /* CKNetworkHelper.m in Sources */ = {isa = PBXBuildFile; fileRef = 0F8FC0E21912C88900D27B80 /* CKNetworkHelper.m */; };
		0F8FC0E61912D15300D27B80 /* Parse.framework in Frameworks */ = {isa = PBXBuildFile; fileRef = 0F8FC0E51912D15300D27B80 /* Parse.framework */; };
		0F8FC0E81912D1F900D27B80 /* AudioToolbox.framework in Frameworks */ = {isa = PBXBuildFile; fileRef = 0F8FC0E71912D1F900D27B80 /* AudioToolbox.framework */; };
		0F8FC0EA1912D20600D27B80 /* CFNetwork.framework in Frameworks */ = {isa = PBXBuildFile; fileRef = 0F8FC0E91912D20600D27B80 /* CFNetwork.framework */; };
		0F8FC0EC1912D21200D27B80 /* CoreLocation.framework in Frameworks */ = {isa = PBXBuildFile; fileRef = 0F8FC0EB1912D21200D27B80 /* CoreLocation.framework */; };
		0F8FC0EE1912D21C00D27B80 /* libz.dylib in Frameworks */ = {isa = PBXBuildFile; fileRef = 0F8FC0ED1912D21C00D27B80 /* libz.dylib */; };
		0F8FC0F01912D22700D27B80 /* MobileCoreServices.framework in Frameworks */ = {isa = PBXBuildFile; fileRef = 0F8FC0EF1912D22700D27B80 /* MobileCoreServices.framework */; };
		0F8FC0F21912D22F00D27B80 /* QuartzCore.framework in Frameworks */ = {isa = PBXBuildFile; fileRef = 0F8FC0F11912D22F00D27B80 /* QuartzCore.framework */; };
		0F8FC0F41912D23600D27B80 /* Security.framework in Frameworks */ = {isa = PBXBuildFile; fileRef = 0F8FC0F31912D23600D27B80 /* Security.framework */; };
		0F8FC0F61912D23D00D27B80 /* StoreKit.framework in Frameworks */ = {isa = PBXBuildFile; fileRef = 0F8FC0F51912D23D00D27B80 /* StoreKit.framework */; };
		0F8FC0F81912D24600D27B80 /* SystemConfiguration.framework in Frameworks */ = {isa = PBXBuildFile; fileRef = 0F8FC0F71912D24600D27B80 /* SystemConfiguration.framework */; };
		0FD01F1F194812A900ED20B3 /* CKGroupEventsVC.m in Sources */ = {isa = PBXBuildFile; fileRef = 0FD01F1E194812A900ED20B3 /* CKGroupEventsVC.m */; };
		0FD01F231948DE2300ED20B3 /* CKContactsVC.m in Sources */ = {isa = PBXBuildFile; fileRef = 0FD01F221948DE2300ED20B3 /* CKContactsVC.m */; };
		0FD01F261948ECD300ED20B3 /* CKChatVC.m in Sources */ = {isa = PBXBuildFile; fileRef = 0FD01F251948ECD300ED20B3 /* CKChatVC.m */; };
		0FE292941907205F00FBFC23 /* CKGroupMemberTableVC.m in Sources */ = {isa = PBXBuildFile; fileRef = 0FE292931907205F00FBFC23 /* CKGroupMemberTableVC.m */; };
		0FE2929A190727DF00FBFC23 /* CKNewGroupVC.m in Sources */ = {isa = PBXBuildFile; fileRef = 0FE29299190727DF00FBFC23 /* CKNewGroupVC.m */; };
		0FE2929E19076CA100FBFC23 /* CKLoginVC.m in Sources */ = {isa = PBXBuildFile; fileRef = 0FE2929D19076CA100FBFC23 /* CKLoginVC.m */; };
		0FE5281C190EBEDC0011FB9A /* CKArchiverHelper.m in Sources */ = {isa = PBXBuildFile; fileRef = 0FE5281B190EBEDC0011FB9A /* CKArchiverHelper.m */; };
/* End PBXBuildFile section */

/* Begin PBXContainerItemProxy section */
		0F37B6881905CEC30006444C /* PBXContainerItemProxy */ = {
			isa = PBXContainerItemProxy;
			containerPortal = 0F37B65A1905CEC20006444C /* Project object */;
			proxyType = 1;
			remoteGlobalIDString = 0F37B6611905CEC20006444C;
			remoteInfo = Snapoll;
		};
/* End PBXContainerItemProxy section */

/* Begin PBXFileReference section */
		0F17EA071947AB2E00EBE443 /* CKGroupRootVC.h */ = {isa = PBXFileReference; fileEncoding = 4; lastKnownFileType = sourcecode.c.h; path = CKGroupRootVC.h; sourceTree = "<group>"; };
		0F17EA081947AB2F00EBE443 /* CKGroupRootVC.m */ = {isa = PBXFileReference; fileEncoding = 4; lastKnownFileType = sourcecode.c.objc; path = CKGroupRootVC.m; sourceTree = "<group>"; };
		0F17EA0A1947AEE000EBE443 /* CKHotBoxRootVC.h */ = {isa = PBXFileReference; fileEncoding = 4; lastKnownFileType = sourcecode.c.h; path = CKHotBoxRootVC.h; sourceTree = "<group>"; };
		0F17EA0B1947AEE000EBE443 /* CKHotBoxRootVC.m */ = {isa = PBXFileReference; fileEncoding = 4; lastKnownFileType = sourcecode.c.objc; path = CKHotBoxRootVC.m; sourceTree = "<group>"; };
		0F17EA0E1947B95C00EBE443 /* CKAllEventsVC.h */ = {isa = PBXFileReference; fileEncoding = 4; lastKnownFileType = sourcecode.c.h; path = CKAllEventsVC.h; sourceTree = "<group>"; };
		0F17EA0F1947B95C00EBE443 /* CKAllEventsVC.m */ = {isa = PBXFileReference; fileEncoding = 4; lastKnownFileType = sourcecode.c.objc; path = CKAllEventsVC.m; sourceTree = "<group>"; };
		0F2212CD1948F30900A1374D /* CKGroupMemberVC.h */ = {isa = PBXFileReference; fileEncoding = 4; lastKnownFileType = sourcecode.c.h; path = CKGroupMemberVC.h; sourceTree = "<group>"; };
		0F2212CE1948F30900A1374D /* CKGroupMemberVC.m */ = {isa = PBXFileReference; fileEncoding = 4; lastKnownFileType = sourcecode.c.objc; path = CKGroupMemberVC.m; sourceTree = "<group>"; };
		0F2212D11949085F00A1374D /* CKContactsCell.h */ = {isa = PBXFileReference; fileEncoding = 4; lastKnownFileType = sourcecode.c.h; path = CKContactsCell.h; sourceTree = "<group>"; };
		0F2212D21949085F00A1374D /* CKContactsCell.m */ = {isa = PBXFileReference; fileEncoding = 4; lastKnownFileType = sourcecode.c.objc; path = CKContactsCell.m; sourceTree = "<group>"; };
		0F2E1734194AD04900EA489C /* CoreImage.framework */ = {isa = PBXFileReference; lastKnownFileType = wrapper.framework; name = CoreImage.framework; path = System/Library/Frameworks/CoreImage.framework; sourceTree = SDKROOT; };
		0F37B6621905CEC30006444C /* Snapoll.app */ = {isa = PBXFileReference; explicitFileType = wrapper.application; includeInIndex = 0; path = Snapoll.app; sourceTree = BUILT_PRODUCTS_DIR; };
		0F37B6651905CEC30006444C /* Foundation.framework */ = {isa = PBXFileReference; lastKnownFileType = wrapper.framework; name = Foundation.framework; path = System/Library/Frameworks/Foundation.framework; sourceTree = SDKROOT; };
		0F37B6671905CEC30006444C /* CoreGraphics.framework */ = {isa = PBXFileReference; lastKnownFileType = wrapper.framework; name = CoreGraphics.framework; path = System/Library/Frameworks/CoreGraphics.framework; sourceTree = SDKROOT; };
		0F37B6691905CEC30006444C /* UIKit.framework */ = {isa = PBXFileReference; lastKnownFileType = wrapper.framework; name = UIKit.framework; path = System/Library/Frameworks/UIKit.framework; sourceTree = SDKROOT; };
		0F37B66B1905CEC30006444C /* CoreData.framework */ = {isa = PBXFileReference; lastKnownFileType = wrapper.framework; name = CoreData.framework; path = System/Library/Frameworks/CoreData.framework; sourceTree = SDKROOT; };
		0F37B66F1905CEC30006444C /* Snapoll-Info.plist */ = {isa = PBXFileReference; lastKnownFileType = text.plist.xml; path = "Snapoll-Info.plist"; sourceTree = "<group>"; };
		0F37B6711905CEC30006444C /* en */ = {isa = PBXFileReference; lastKnownFileType = text.plist.strings; name = en; path = en.lproj/InfoPlist.strings; sourceTree = "<group>"; };
		0F37B6731905CEC30006444C /* main.m */ = {isa = PBXFileReference; lastKnownFileType = sourcecode.c.objc; path = main.m; sourceTree = "<group>"; };
		0F37B6751905CEC30006444C /* Snapoll-Prefix.pch */ = {isa = PBXFileReference; lastKnownFileType = sourcecode.c.h; name = "Snapoll-Prefix.pch"; path = "Snapoll/Snapoll-Prefix.pch"; sourceTree = "<group>"; };
		0F37B6761905CEC30006444C /* CKAppDelegate.h */ = {isa = PBXFileReference; lastKnownFileType = sourcecode.c.h; path = CKAppDelegate.h; sourceTree = "<group>"; };
		0F37B6771905CEC30006444C /* CKAppDelegate.m */ = {isa = PBXFileReference; lastKnownFileType = sourcecode.c.objc; path = CKAppDelegate.m; sourceTree = "<group>"; };
		0F37B67A1905CEC30006444C /* Snapoll.xcdatamodel */ = {isa = PBXFileReference; lastKnownFileType = wrapper.xcdatamodel; path = Snapoll.xcdatamodel; sourceTree = "<group>"; };
		0F37B67C1905CEC30006444C /* Images.xcassets */ = {isa = PBXFileReference; lastKnownFileType = folder.assetcatalog; path = Images.xcassets; sourceTree = "<group>"; };
		0F37B6821905CEC30006444C /* SnapollTests.xctest */ = {isa = PBXFileReference; explicitFileType = wrapper.cfbundle; includeInIndex = 0; path = SnapollTests.xctest; sourceTree = BUILT_PRODUCTS_DIR; };
		0F37B6831905CEC30006444C /* XCTest.framework */ = {isa = PBXFileReference; lastKnownFileType = wrapper.framework; name = XCTest.framework; path = Library/Frameworks/XCTest.framework; sourceTree = DEVELOPER_DIR; };
		0F37B68C1905CEC30006444C /* SnapollTests-Info.plist */ = {isa = PBXFileReference; lastKnownFileType = text.plist.xml; path = "SnapollTests-Info.plist"; sourceTree = "<group>"; };
		0F37B68E1905CEC30006444C /* en */ = {isa = PBXFileReference; lastKnownFileType = text.plist.strings; name = en; path = en.lproj/InfoPlist.strings; sourceTree = "<group>"; };
		0F37B6901905CEC30006444C /* SnapollTests.m */ = {isa = PBXFileReference; lastKnownFileType = sourcecode.c.objc; path = SnapollTests.m; sourceTree = "<group>"; };
		0F37B69A1905CEF50006444C /* Storyboard.storyboard */ = {isa = PBXFileReference; fileEncoding = 4; lastKnownFileType = file.storyboard; path = Storyboard.storyboard; sourceTree = "<group>"; };
		0F37B6A01905DB150006444C /* CKGroupVC.h */ = {isa = PBXFileReference; fileEncoding = 4; lastKnownFileType = sourcecode.c.h; path = CKGroupVC.h; sourceTree = "<group>"; };
		0F37B6A11905DB150006444C /* CKGroupVC.m */ = {isa = PBXFileReference; fileEncoding = 4; lastKnownFileType = sourcecode.c.objc; path = CKGroupVC.m; sourceTree = "<group>"; };
		0F4417241905F0120090E88C /* CKGroup.h */ = {isa = PBXFileReference; fileEncoding = 4; lastKnownFileType = sourcecode.c.h; path = CKGroup.h; sourceTree = "<group>"; };
		0F4417251905F0120090E88C /* CKGroup.m */ = {isa = PBXFileReference; fileEncoding = 4; lastKnownFileType = sourcecode.c.objc; path = CKGroup.m; sourceTree = "<group>"; };
		0F4417281905F03D0090E88C /* CKUser.h */ = {isa = PBXFileReference; fileEncoding = 4; lastKnownFileType = sourcecode.c.h; path = CKUser.h; sourceTree = "<group>"; };
		0F4417291905F03D0090E88C /* CKUser.m */ = {isa = PBXFileReference; fileEncoding = 4; lastKnownFileType = sourcecode.c.objc; path = CKUser.m; sourceTree = "<group>"; };
		0F44172B1905F0750090E88C /* CKMessage.h */ = {isa = PBXFileReference; fileEncoding = 4; lastKnownFileType = sourcecode.c.h; path = CKMessage.h; sourceTree = "<group>"; };
		0F44172C1905F0750090E88C /* CKMessage.m */ = {isa = PBXFileReference; fileEncoding = 4; lastKnownFileType = sourcecode.c.objc; path = CKMessage.m; sourceTree = "<group>"; };
		0F44172E1905F3770090E88C /* CKSimpleText.h */ = {isa = PBXFileReference; fileEncoding = 4; lastKnownFileType = sourcecode.c.h; path = CKSimpleText.h; sourceTree = "<group>"; };
		0F44172F1905F3770090E88C /* CKSimpleText.m */ = {isa = PBXFileReference; fileEncoding = 4; lastKnownFileType = sourcecode.c.objc; path = CKSimpleText.m; sourceTree = "<group>"; };
		0F4417311905F46D0090E88C /* CKPoll.h */ = {isa = PBXFileReference; fileEncoding = 4; lastKnownFileType = sourcecode.c.h; path = CKPoll.h; sourceTree = "<group>"; };
		0F4417321905F46D0090E88C /* CKPoll.m */ = {isa = PBXFileReference; fileEncoding = 4; lastKnownFileType = sourcecode.c.objc; path = CKPoll.m; sourceTree = "<group>"; };
		0F4417341905F4770090E88C /* CKQuestion.h */ = {isa = PBXFileReference; fileEncoding = 4; lastKnownFileType = sourcecode.c.h; path = CKQuestion.h; sourceTree = "<group>"; };
		0F4417351905F4770090E88C /* CKQuestion.m */ = {isa = PBXFileReference; fileEncoding = 4; lastKnownFileType = sourcecode.c.objc; path = CKQuestion.m; sourceTree = "<group>"; };
		0F4417371905F6BB0090E88C /* CKEnumerations.h */ = {isa = PBXFileReference; fileEncoding = 4; lastKnownFileType = sourcecode.c.h; name = CKEnumerations.h; path = Snapoll/CKEnumerations.h; sourceTree = "<group>"; };
		0F4417381905F6BB0090E88C /* CKEnumerations.m */ = {isa = PBXFileReference; fileEncoding = 4; lastKnownFileType = sourcecode.c.objc; name = CKEnumerations.m; path = Snapoll/CKEnumerations.m; sourceTree = "<group>"; };
		0F44173D1905F9750090E88C /* CKConstants.h */ = {isa = PBXFileReference; fileEncoding = 4; lastKnownFileType = sourcecode.c.h; name = CKConstants.h; path = Snapoll/CKConstants.h; sourceTree = "<group>"; };
		0F44173E1905F9750090E88C /* CKConstants.m */ = {isa = PBXFileReference; fileEncoding = 4; lastKnownFileType = sourcecode.c.objc; name = CKConstants.m; path = Snapoll/CKConstants.m; sourceTree = "<group>"; };
		0F4417421905FC6D0090E88C /* CKMultipleChoice.h */ = {isa = PBXFileReference; fileEncoding = 4; lastKnownFileType = sourcecode.c.h; path = CKMultipleChoice.h; sourceTree = "<group>"; };
		0F4417431905FC6D0090E88C /* CKMultipleChoice.m */ = {isa = PBXFileReference; fileEncoding = 4; lastKnownFileType = sourcecode.c.objc; path = CKMultipleChoice.m; sourceTree = "<group>"; };
		0F4417451905FC930090E88C /* CKFreeResponse.h */ = {isa = PBXFileReference; fileEncoding = 4; lastKnownFileType = sourcecode.c.h; path = CKFreeResponse.h; sourceTree = "<group>"; };
		0F4417461905FC930090E88C /* CKFreeResponse.m */ = {isa = PBXFileReference; fileEncoding = 4; lastKnownFileType = sourcecode.c.objc; path = CKFreeResponse.m; sourceTree = "<group>"; };
		0F4F0E57191D99C7008B4480 /* CKAddContactsTVCell.h */ = {isa = PBXFileReference; fileEncoding = 4; lastKnownFileType = sourcecode.c.h; path = CKAddContactsTVCell.h; sourceTree = "<group>"; };
		0F4F0E58191D99C7008B4480 /* CKAddContactsTVCell.m */ = {isa = PBXFileReference; fileEncoding = 4; lastKnownFileType = sourcecode.c.objc; path = CKAddContactsTVCell.m; sourceTree = "<group>"; };
		0F70DA6C19181A8C00DD6996 /* CKNewMemberVC.h */ = {isa = PBXFileReference; fileEncoding = 4; lastKnownFileType = sourcecode.c.h; path = CKNewMemberVC.h; sourceTree = "<group>"; };
		0F70DA6D19181A8C00DD6996 /* CKNewMemberVC.m */ = {isa = PBXFileReference; fileEncoding = 4; lastKnownFileType = sourcecode.c.objc; path = CKNewMemberVC.m; sourceTree = "<group>"; };
		0F70DA761918457E00DD6996 /* CKProfileVC.h */ = {isa = PBXFileReference; fileEncoding = 4; lastKnownFileType = sourcecode.c.h; path = CKProfileVC.h; sourceTree = "<group>"; };
		0F70DA771918457E00DD6996 /* CKProfileVC.m */ = {isa = PBXFileReference; fileEncoding = 4; lastKnownFileType = sourcecode.c.objc; path = CKProfileVC.m; sourceTree = "<group>"; };
		0F8D923E19136BD6002432A6 /* CKSignUpVC.h */ = {isa = PBXFileReference; fileEncoding = 4; lastKnownFileType = sourcecode.c.h; path = CKSignUpVC.h; sourceTree = "<group>"; };
		0F8D923F19136BD6002432A6 /* CKSignUpVC.m */ = {isa = PBXFileReference; fileEncoding = 4; lastKnownFileType = sourcecode.c.objc; path = CKSignUpVC.m; sourceTree = "<group>"; };
		0F8FC0E11912C88900D27B80 /* CKNetworkHelper.h */ = {isa = PBXFileReference; fileEncoding = 4; lastKnownFileType = sourcecode.c.h; path = CKNetworkHelper.h; sourceTree = "<group>"; };
		0F8FC0E21912C88900D27B80 /* CKNetworkHelper.m */ = {isa = PBXFileReference; fileEncoding = 4; lastKnownFileType = sourcecode.c.objc; path = CKNetworkHelper.m; sourceTree = "<group>"; };
		0F8FC0E51912D15300D27B80 /* Parse.framework */ = {isa = PBXFileReference; lastKnownFileType = wrapper.framework; path = Parse.framework; sourceTree = "<group>"; };
		0F8FC0E71912D1F900D27B80 /* AudioToolbox.framework */ = {isa = PBXFileReference; lastKnownFileType = wrapper.framework; name = AudioToolbox.framework; path = System/Library/Frameworks/AudioToolbox.framework; sourceTree = SDKROOT; };
		0F8FC0E91912D20600D27B80 /* CFNetwork.framework */ = {isa = PBXFileReference; lastKnownFileType = wrapper.framework; name = CFNetwork.framework; path = System/Library/Frameworks/CFNetwork.framework; sourceTree = SDKROOT; };
		0F8FC0EB1912D21200D27B80 /* CoreLocation.framework */ = {isa = PBXFileReference; lastKnownFileType = wrapper.framework; name = CoreLocation.framework; path = System/Library/Frameworks/CoreLocation.framework; sourceTree = SDKROOT; };
		0F8FC0ED1912D21C00D27B80 /* libz.dylib */ = {isa = PBXFileReference; lastKnownFileType = "compiled.mach-o.dylib"; name = libz.dylib; path = usr/lib/libz.dylib; sourceTree = SDKROOT; };
		0F8FC0EF1912D22700D27B80 /* MobileCoreServices.framework */ = {isa = PBXFileReference; lastKnownFileType = wrapper.framework; name = MobileCoreServices.framework; path = System/Library/Frameworks/MobileCoreServices.framework; sourceTree = SDKROOT; };
		0F8FC0F11912D22F00D27B80 /* QuartzCore.framework */ = {isa = PBXFileReference; lastKnownFileType = wrapper.framework; name = QuartzCore.framework; path = System/Library/Frameworks/QuartzCore.framework; sourceTree = SDKROOT; };
		0F8FC0F31912D23600D27B80 /* Security.framework */ = {isa = PBXFileReference; lastKnownFileType = wrapper.framework; name = Security.framework; path = System/Library/Frameworks/Security.framework; sourceTree = SDKROOT; };
		0F8FC0F51912D23D00D27B80 /* StoreKit.framework */ = {isa = PBXFileReference; lastKnownFileType = wrapper.framework; name = StoreKit.framework; path = System/Library/Frameworks/StoreKit.framework; sourceTree = SDKROOT; };
		0F8FC0F71912D24600D27B80 /* SystemConfiguration.framework */ = {isa = PBXFileReference; lastKnownFileType = wrapper.framework; name = SystemConfiguration.framework; path = System/Library/Frameworks/SystemConfiguration.framework; sourceTree = SDKROOT; };
		0FD01F1D194812A800ED20B3 /* CKGroupEventsVC.h */ = {isa = PBXFileReference; fileEncoding = 4; lastKnownFileType = sourcecode.c.h; path = CKGroupEventsVC.h; sourceTree = "<group>"; };
		0FD01F1E194812A900ED20B3 /* CKGroupEventsVC.m */ = {isa = PBXFileReference; fileEncoding = 4; lastKnownFileType = sourcecode.c.objc; path = CKGroupEventsVC.m; sourceTree = "<group>"; };
		0FD01F211948DE2300ED20B3 /* CKContactsVC.h */ = {isa = PBXFileReference; fileEncoding = 4; lastKnownFileType = sourcecode.c.h; path = CKContactsVC.h; sourceTree = "<group>"; };
		0FD01F221948DE2300ED20B3 /* CKContactsVC.m */ = {isa = PBXFileReference; fileEncoding = 4; lastKnownFileType = sourcecode.c.objc; path = CKContactsVC.m; sourceTree = "<group>"; };
		0FD01F241948ECBF00ED20B3 /* CKChatVC.h */ = {isa = PBXFileReference; fileEncoding = 4; lastKnownFileType = sourcecode.c.h; path = CKChatVC.h; sourceTree = "<group>"; };
		0FD01F251948ECD300ED20B3 /* CKChatVC.m */ = {isa = PBXFileReference; fileEncoding = 4; lastKnownFileType = sourcecode.c.objc; path = CKChatVC.m; sourceTree = "<group>"; };
		0FE292921907205F00FBFC23 /* CKGroupMemberTableVC.h */ = {isa = PBXFileReference; fileEncoding = 4; lastKnownFileType = sourcecode.c.h; path = CKGroupMemberTableVC.h; sourceTree = "<group>"; };
		0FE292931907205F00FBFC23 /* CKGroupMemberTableVC.m */ = {isa = PBXFileReference; fileEncoding = 4; lastKnownFileType = sourcecode.c.objc; path = CKGroupMemberTableVC.m; sourceTree = "<group>"; };
		0FE29298190727DF00FBFC23 /* CKNewGroupVC.h */ = {isa = PBXFileReference; fileEncoding = 4; lastKnownFileType = sourcecode.c.h; path = CKNewGroupVC.h; sourceTree = "<group>"; };
		0FE29299190727DF00FBFC23 /* CKNewGroupVC.m */ = {isa = PBXFileReference; fileEncoding = 4; lastKnownFileType = sourcecode.c.objc; path = CKNewGroupVC.m; sourceTree = "<group>"; };
		0FE2929C19076CA100FBFC23 /* CKLoginVC.h */ = {isa = PBXFileReference; fileEncoding = 4; lastKnownFileType = sourcecode.c.h; path = CKLoginVC.h; sourceTree = "<group>"; };
		0FE2929D19076CA100FBFC23 /* CKLoginVC.m */ = {isa = PBXFileReference; fileEncoding = 4; lastKnownFileType = sourcecode.c.objc; path = CKLoginVC.m; sourceTree = "<group>"; };
		0FE5281A190EBEDC0011FB9A /* CKArchiverHelper.h */ = {isa = PBXFileReference; fileEncoding = 4; lastKnownFileType = sourcecode.c.h; name = CKArchiverHelper.h; path = Snapoll/CKArchiverHelper.h; sourceTree = "<group>"; };
		0FE5281B190EBEDC0011FB9A /* CKArchiverHelper.m */ = {isa = PBXFileReference; fileEncoding = 4; lastKnownFileType = sourcecode.c.objc; name = CKArchiverHelper.m; path = Snapoll/CKArchiverHelper.m; sourceTree = "<group>"; };
/* End PBXFileReference section */

/* Begin PBXFrameworksBuildPhase section */
		0F37B65F1905CEC20006444C /* Frameworks */ = {
			isa = PBXFrameworksBuildPhase;
			buildActionMask = 2147483647;
			files = (
				0F8FC0F21912D22F00D27B80 /* QuartzCore.framework in Frameworks */,
				0F2E1735194AD04900EA489C /* CoreImage.framework in Frameworks */,
				0F8FC0F81912D24600D27B80 /* SystemConfiguration.framework in Frameworks */,
				0F8FC0F61912D23D00D27B80 /* StoreKit.framework in Frameworks */,
				0F8FC0F41912D23600D27B80 /* Security.framework in Frameworks */,
				0F8FC0F01912D22700D27B80 /* MobileCoreServices.framework in Frameworks */,
				0F8FC0EE1912D21C00D27B80 /* libz.dylib in Frameworks */,
				0F8FC0EC1912D21200D27B80 /* CoreLocation.framework in Frameworks */,
				0F8FC0EA1912D20600D27B80 /* CFNetwork.framework in Frameworks */,
				0F8FC0E81912D1F900D27B80 /* AudioToolbox.framework in Frameworks */,
				0F37B6681905CEC30006444C /* CoreGraphics.framework in Frameworks */,
				0F37B66C1905CEC30006444C /* CoreData.framework in Frameworks */,
				0F37B66A1905CEC30006444C /* UIKit.framework in Frameworks */,
				0F37B6661905CEC30006444C /* Foundation.framework in Frameworks */,
				0F8FC0E61912D15300D27B80 /* Parse.framework in Frameworks */,
			);
			runOnlyForDeploymentPostprocessing = 0;
		};
		0F37B67F1905CEC30006444C /* Frameworks */ = {
			isa = PBXFrameworksBuildPhase;
			buildActionMask = 2147483647;
			files = (
				0F37B6841905CEC30006444C /* XCTest.framework in Frameworks */,
				0F37B6871905CEC30006444C /* CoreData.framework in Frameworks */,
				0F37B6861905CEC30006444C /* UIKit.framework in Frameworks */,
				0F37B6851905CEC30006444C /* Foundation.framework in Frameworks */,
			);
			runOnlyForDeploymentPostprocessing = 0;
		};
/* End PBXFrameworksBuildPhase section */

/* Begin PBXGroup section */
		0F17EA0D1947B86500EBE443 /* Group Root */ = {
			isa = PBXGroup;
			children = (
				0F17EA071947AB2E00EBE443 /* CKGroupRootVC.h */,
				0F17EA081947AB2F00EBE443 /* CKGroupRootVC.m */,
				0F70DA6F19181AA100DD6996 /* Members */,
				0FD01F20194812E700ED20B3 /* Events */,
				0F70DA7519182A7D00DD6996 /* Chat */,
			);
			name = "Group Root";
			sourceTree = "<group>";
		};
		0F17EA111947B99400EBE443 /* CKAllEvents */ = {
			isa = PBXGroup;
			children = (
				0F17EA0E1947B95C00EBE443 /* CKAllEventsVC.h */,
				0F17EA0F1947B95C00EBE443 /* CKAllEventsVC.m */,
			);
			name = CKAllEvents;
			sourceTree = "<group>";
		};
		0F17EA121947B9B600EBE443 /* Obsolete */ = {
			isa = PBXGroup;
			children = (
			);
			name = Obsolete;
			sourceTree = "<group>";
		};
		0F2212D01949083C00A1374D /* Cell */ = {
			isa = PBXGroup;
			children = (
				0F2212D11949085F00A1374D /* CKContactsCell.h */,
				0F2212D21949085F00A1374D /* CKContactsCell.m */,
			);
			name = Cell;
			sourceTree = "<group>";
		};
		0F37B6591905CEC20006444C = {
			isa = PBXGroup;
			children = (
				0F37B66D1905CEC30006444C /* Snapoll */,
				0F37B68A1905CEC30006444C /* SnapollTests */,
				0F37B6641905CEC30006444C /* Frameworks */,
				0F37B6631905CEC30006444C /* Products */,
			);
			sourceTree = "<group>";
		};
		0F37B6631905CEC30006444C /* Products */ = {
			isa = PBXGroup;
			children = (
				0F37B6621905CEC30006444C /* Snapoll.app */,
				0F37B6821905CEC30006444C /* SnapollTests.xctest */,
			);
			name = Products;
			sourceTree = "<group>";
		};
		0F37B6641905CEC30006444C /* Frameworks */ = {
			isa = PBXGroup;
			children = (
				0F2E1734194AD04900EA489C /* CoreImage.framework */,
				0F8FC0F71912D24600D27B80 /* SystemConfiguration.framework */,
				0F8FC0F51912D23D00D27B80 /* StoreKit.framework */,
				0F8FC0F31912D23600D27B80 /* Security.framework */,
				0F8FC0F11912D22F00D27B80 /* QuartzCore.framework */,
				0F8FC0EF1912D22700D27B80 /* MobileCoreServices.framework */,
				0F8FC0ED1912D21C00D27B80 /* libz.dylib */,
				0F8FC0EB1912D21200D27B80 /* CoreLocation.framework */,
				0F8FC0E91912D20600D27B80 /* CFNetwork.framework */,
				0F8FC0E71912D1F900D27B80 /* AudioToolbox.framework */,
				0F8FC0E51912D15300D27B80 /* Parse.framework */,
				0F37B6651905CEC30006444C /* Foundation.framework */,
				0F37B6671905CEC30006444C /* CoreGraphics.framework */,
				0F37B6691905CEC30006444C /* UIKit.framework */,
				0F37B66B1905CEC30006444C /* CoreData.framework */,
				0F37B6831905CEC30006444C /* XCTest.framework */,
			);
			name = Frameworks;
			sourceTree = "<group>";
		};
		0F37B66D1905CEC30006444C /* Snapoll */ = {
			isa = PBXGroup;
			children = (
				0F37B69A1905CEF50006444C /* Storyboard.storyboard */,
				0F37B6761905CEC30006444C /* CKAppDelegate.h */,
				0F37B6771905CEC30006444C /* CKAppDelegate.m */,
				0F4417271905F02A0090E88C /* Model */,
				0F37B69F1905D1F60006444C /* View Controllers */,
				0F44173C1905F7490090E88C /* Data Persistance */,
				0F8FC0E41912C89600D27B80 /* Networking */,
				0F44173B1905F7320090E88C /* Media */,
				0F44173A1905F6C60090E88C /* Organizational */,
				0F37B66E1905CEC30006444C /* Supporting Files */,
			);
			path = Snapoll;
			sourceTree = "<group>";
		};
		0F37B66E1905CEC30006444C /* Supporting Files */ = {
			isa = PBXGroup;
			children = (
				0F37B66F1905CEC30006444C /* Snapoll-Info.plist */,
				0F37B6701905CEC30006444C /* InfoPlist.strings */,
				0F37B6731905CEC30006444C /* main.m */,
			);
			name = "Supporting Files";
			sourceTree = "<group>";
		};
		0F37B68A1905CEC30006444C /* SnapollTests */ = {
			isa = PBXGroup;
			children = (
				0F37B6901905CEC30006444C /* SnapollTests.m */,
				0F37B68B1905CEC30006444C /* Supporting Files */,
			);
			path = SnapollTests;
			sourceTree = "<group>";
		};
		0F37B68B1905CEC30006444C /* Supporting Files */ = {
			isa = PBXGroup;
			children = (
				0F37B68C1905CEC30006444C /* SnapollTests-Info.plist */,
				0F37B68D1905CEC30006444C /* InfoPlist.strings */,
			);
			name = "Supporting Files";
			sourceTree = "<group>";
		};
		0F37B69F1905D1F60006444C /* View Controllers */ = {
			isa = PBXGroup;
			children = (
				0F8D923E19136BD6002432A6 /* CKSignUpVC.h */,
				0F8D923F19136BD6002432A6 /* CKSignUpVC.m */,
				0FE2929C19076CA100FBFC23 /* CKLoginVC.h */,
				0FE2929D19076CA100FBFC23 /* CKLoginVC.m */,
				0F70DA791918458F00DD6996 /* Profile */,
				0F70DA7319182A1B00DD6996 /* Hot Box Root */,
				0F17EA0D1947B86500EBE443 /* Group Root */,
				0F17EA121947B9B600EBE443 /* Obsolete */,
			);
			name = "View Controllers";
			sourceTree = "<group>";
		};
		0F4417271905F02A0090E88C /* Model */ = {
			isa = PBXGroup;
			children = (
				0F4417281905F03D0090E88C /* CKUser.h */,
				0F4417291905F03D0090E88C /* CKUser.m */,
				0F4417241905F0120090E88C /* CKGroup.h */,
				0F4417251905F0120090E88C /* CKGroup.m */,
				0F4417401905FC090090E88C /* Messages */,
				0F4417411905FC330090E88C /* Questions */,
			);
			name = Model;
			sourceTree = "<group>";
		};
		0F44173A1905F6C60090E88C /* Organizational */ = {
			isa = PBXGroup;
			children = (
				0F37B6751905CEC30006444C /* Snapoll-Prefix.pch */,
				0F4417371905F6BB0090E88C /* CKEnumerations.h */,
				0F4417381905F6BB0090E88C /* CKEnumerations.m */,
				0F44173D1905F9750090E88C /* CKConstants.h */,
				0F44173E1905F9750090E88C /* CKConstants.m */,
			);
			name = Organizational;
			path = ..;
			sourceTree = "<group>";
		};
		0F44173B1905F7320090E88C /* Media */ = {
			isa = PBXGroup;
			children = (
				0F37B67C1905CEC30006444C /* Images.xcassets */,
			);
			name = Media;
			sourceTree = "<group>";
		};
		0F44173C1905F7490090E88C /* Data Persistance */ = {
			isa = PBXGroup;
			children = (
				0FE5281A190EBEDC0011FB9A /* CKArchiverHelper.h */,
				0FE5281B190EBEDC0011FB9A /* CKArchiverHelper.m */,
				0F37B6791905CEC30006444C /* Snapoll.xcdatamodeld */,
			);
			name = "Data Persistance";
			path = ..;
			sourceTree = "<group>";
		};
		0F4417401905FC090090E88C /* Messages */ = {
			isa = PBXGroup;
			children = (
				0F44172B1905F0750090E88C /* CKMessage.h */,
				0F44172C1905F0750090E88C /* CKMessage.m */,
				0F4417481905FC9F0090E88C /* Types */,
			);
			name = Messages;
			sourceTree = "<group>";
		};
		0F4417411905FC330090E88C /* Questions */ = {
			isa = PBXGroup;
			children = (
				0F4417341905F4770090E88C /* CKQuestion.h */,
				0F4417351905F4770090E88C /* CKQuestion.m */,
				0F4417491905FD380090E88C /* Types */,
			);
			name = Questions;
			sourceTree = "<group>";
		};
		0F4417481905FC9F0090E88C /* Types */ = {
			isa = PBXGroup;
			children = (
				0F44172E1905F3770090E88C /* CKSimpleText.h */,
				0F44172F1905F3770090E88C /* CKSimpleText.m */,
				0F4417311905F46D0090E88C /* CKPoll.h */,
				0F4417321905F46D0090E88C /* CKPoll.m */,
			);
			name = Types;
			sourceTree = "<group>";
		};
		0F4417491905FD380090E88C /* Types */ = {
			isa = PBXGroup;
			children = (
				0F4417421905FC6D0090E88C /* CKMultipleChoice.h */,
				0F4417431905FC6D0090E88C /* CKMultipleChoice.m */,
				0F4417451905FC930090E88C /* CKFreeResponse.h */,
				0F4417461905FC930090E88C /* CKFreeResponse.m */,
			);
			name = Types;
			sourceTree = "<group>";
		};
		0F4F0E5A191D99DA008B4480 /* Add Contacts */ = {
			isa = PBXGroup;
			children = (
				0F4F0E57191D99C7008B4480 /* CKAddContactsTVCell.h */,
				0F4F0E58191D99C7008B4480 /* CKAddContactsTVCell.m */,
			);
			name = "Add Contacts";
			sourceTree = "<group>";
		};
		0F70DA6F19181AA100DD6996 /* Members */ = {
			isa = PBXGroup;
			children = (
				0F2212CD1948F30900A1374D /* CKGroupMemberVC.h */,
				0F2212CE1948F30900A1374D /* CKGroupMemberVC.m */,
				0FE292921907205F00FBFC23 /* CKGroupMemberTableVC.h */,
				0FE292931907205F00FBFC23 /* CKGroupMemberTableVC.m */,
				0F70DA6C19181A8C00DD6996 /* CKNewMemberVC.h */,
				0F70DA6D19181A8C00DD6996 /* CKNewMemberVC.m */,
				0F4F0E5A191D99DA008B4480 /* Add Contacts */,
			);
			name = Members;
			sourceTree = "<group>";
		};
		0F70DA7319182A1B00DD6996 /* Hot Box Root */ = {
			isa = PBXGroup;
			children = (
				0F17EA0A1947AEE000EBE443 /* CKHotBoxRootVC.h */,
				0F17EA0B1947AEE000EBE443 /* CKHotBoxRootVC.m */,
				0F70DA7419182A5700DD6996 /* Contacts */,
				0F17EA111947B99400EBE443 /* CKAllEvents */,
				0FE2929B190727EA00FBFC23 /* Group */,
			);
			name = "Hot Box Root";
			sourceTree = "<group>";
		};
		0F70DA7419182A5700DD6996 /* Contacts */ = {
			isa = PBXGroup;
			children = (
				0FD01F211948DE2300ED20B3 /* CKContactsVC.h */,
				0FD01F221948DE2300ED20B3 /* CKContactsVC.m */,
				0F2212D01949083C00A1374D /* Cell */,
			);
			name = Contacts;
			sourceTree = "<group>";
		};
		0F70DA7519182A7D00DD6996 /* Chat */ = {
			isa = PBXGroup;
			children = (
				0FD01F241948ECBF00ED20B3 /* CKChatVC.h */,
				0FD01F251948ECD300ED20B3 /* CKChatVC.m */,
			);
			name = Chat;
			sourceTree = "<group>";
		};
		0F70DA791918458F00DD6996 /* Profile */ = {
			isa = PBXGroup;
			children = (
				0F70DA761918457E00DD6996 /* CKProfileVC.h */,
				0F70DA771918457E00DD6996 /* CKProfileVC.m */,
			);
			name = Profile;
			sourceTree = "<group>";
		};
		0F8FC0E41912C89600D27B80 /* Networking */ = {
			isa = PBXGroup;
			children = (
				0F8FC0E11912C88900D27B80 /* CKNetworkHelper.h */,
				0F8FC0E21912C88900D27B80 /* CKNetworkHelper.m */,
			);
			name = Networking;
			sourceTree = "<group>";
		};
		0FD01F20194812E700ED20B3 /* Events */ = {
			isa = PBXGroup;
			children = (
				0FD01F1D194812A800ED20B3 /* CKGroupEventsVC.h */,
				0FD01F1E194812A900ED20B3 /* CKGroupEventsVC.m */,
			);
			name = Events;
			sourceTree = "<group>";
		};
		0FE2929B190727EA00FBFC23 /* Group */ = {
			isa = PBXGroup;
			children = (
				0F37B6A01905DB150006444C /* CKGroupVC.h */,
				0F37B6A11905DB150006444C /* CKGroupVC.m */,
				0FE29298190727DF00FBFC23 /* CKNewGroupVC.h */,
				0FE29299190727DF00FBFC23 /* CKNewGroupVC.m */,
			);
			name = Group;
			sourceTree = "<group>";
		};
/* End PBXGroup section */

/* Begin PBXNativeTarget section */
		0F37B6611905CEC20006444C /* Snapoll */ = {
			isa = PBXNativeTarget;
			buildConfigurationList = 0F37B6941905CEC30006444C /* Build configuration list for PBXNativeTarget "Snapoll" */;
			buildPhases = (
				0F37B65E1905CEC20006444C /* Sources */,
				0F37B65F1905CEC20006444C /* Frameworks */,
				0F37B6601905CEC20006444C /* Resources */,
			);
			buildRules = (
			);
			dependencies = (
			);
			name = Snapoll;
			productName = Snapoll;
			productReference = 0F37B6621905CEC30006444C /* Snapoll.app */;
			productType = "com.apple.product-type.application";
		};
		0F37B6811905CEC30006444C /* SnapollTests */ = {
			isa = PBXNativeTarget;
			buildConfigurationList = 0F37B6971905CEC30006444C /* Build configuration list for PBXNativeTarget "SnapollTests" */;
			buildPhases = (
				0F37B67E1905CEC30006444C /* Sources */,
				0F37B67F1905CEC30006444C /* Frameworks */,
				0F37B6801905CEC30006444C /* Resources */,
			);
			buildRules = (
			);
			dependencies = (
				0F37B6891905CEC30006444C /* PBXTargetDependency */,
			);
			name = SnapollTests;
			productName = SnapollTests;
			productReference = 0F37B6821905CEC30006444C /* SnapollTests.xctest */;
			productType = "com.apple.product-type.bundle.unit-test";
		};
/* End PBXNativeTarget section */

/* Begin PBXProject section */
		0F37B65A1905CEC20006444C /* Project object */ = {
			isa = PBXProject;
			attributes = {
				CLASSPREFIX = CK;
				LastUpgradeCheck = 0510;
				ORGANIZATIONNAME = "Richard Lichkus";
				TargetAttributes = {
					0F37B6811905CEC30006444C = {
						TestTargetID = 0F37B6611905CEC20006444C;
					};
				};
			};
			buildConfigurationList = 0F37B65D1905CEC20006444C /* Build configuration list for PBXProject "Snapoll" */;
			compatibilityVersion = "Xcode 3.2";
			developmentRegion = English;
			hasScannedForEncodings = 0;
			knownRegions = (
				en,
			);
			mainGroup = 0F37B6591905CEC20006444C;
			productRefGroup = 0F37B6631905CEC30006444C /* Products */;
			projectDirPath = "";
			projectRoot = "";
			targets = (
				0F37B6611905CEC20006444C /* Snapoll */,
				0F37B6811905CEC30006444C /* SnapollTests */,
			);
		};
/* End PBXProject section */

/* Begin PBXResourcesBuildPhase section */
		0F37B6601905CEC20006444C /* Resources */ = {
			isa = PBXResourcesBuildPhase;
			buildActionMask = 2147483647;
			files = (
				0F37B6721905CEC30006444C /* InfoPlist.strings in Resources */,
				0F37B67D1905CEC30006444C /* Images.xcassets in Resources */,
				0F37B69B1905CEF50006444C /* Storyboard.storyboard in Resources */,
			);
			runOnlyForDeploymentPostprocessing = 0;
		};
		0F37B6801905CEC30006444C /* Resources */ = {
			isa = PBXResourcesBuildPhase;
			buildActionMask = 2147483647;
			files = (
				0F37B68F1905CEC30006444C /* InfoPlist.strings in Resources */,
			);
			runOnlyForDeploymentPostprocessing = 0;
		};
/* End PBXResourcesBuildPhase section */

/* Begin PBXSourcesBuildPhase section */
		0F37B65E1905CEC20006444C /* Sources */ = {
			isa = PBXSourcesBuildPhase;
			buildActionMask = 2147483647;
			files = (
				0FE2929E19076CA100FBFC23 /* CKLoginVC.m in Sources */,
				0F70DA781918457E00DD6996 /* CKProfileVC.m in Sources */,
				0F44172D1905F0750090E88C /* CKMessage.m in Sources */,
				0F37B6781905CEC30006444C /* CKAppDelegate.m in Sources */,
				0F37B6741905CEC30006444C /* main.m in Sources */,
				0FD01F1F194812A900ED20B3 /* CKGroupEventsVC.m in Sources */,
				0F2212CF1948F30900A1374D /* CKGroupMemberVC.m in Sources */,
				0F37B67B1905CEC30006444C /* Snapoll.xcdatamodeld in Sources */,
				0F37B6A21905DB150006444C /* CKGroupVC.m in Sources */,
				0FE292941907205F00FBFC23 /* CKGroupMemberTableVC.m in Sources */,
				0F8FC0E31912C88900D27B80 /* CKNetworkHelper.m in Sources */,
				0F4417361905F4770090E88C /* CKQuestion.m in Sources */,
				0F17EA0C1947AEE000EBE443 /* CKHotBoxRootVC.m in Sources */,
				0FD01F231948DE2300ED20B3 /* CKContactsVC.m in Sources */,
				0F4417441905FC6D0090E88C /* CKMultipleChoice.m in Sources */,
				0F70DA6E19181A8C00DD6996 /* CKNewMemberVC.m in Sources */,
				0FE5281C190EBEDC0011FB9A /* CKArchiverHelper.m in Sources */,
				0F2212D31949085F00A1374D /* CKContactsCell.m in Sources */,
				0F4417391905F6BB0090E88C /* CKEnumerations.m in Sources */,
				0FD01F261948ECD300ED20B3 /* CKChatVC.m in Sources */,
				0F44173F1905F9750090E88C /* CKConstants.m in Sources */,
				0F4417331905F46D0090E88C /* CKPoll.m in Sources */,
				0F44172A1905F03D0090E88C /* CKUser.m in Sources */,
				0F4417301905F3770090E88C /* CKSimpleText.m in Sources */,
				0F4F0E59191D99C7008B4480 /* CKAddContactsTVCell.m in Sources */,
				0FE2929A190727DF00FBFC23 /* CKNewGroupVC.m in Sources */,
				0F8D924019136BD6002432A6 /* CKSignUpVC.m in Sources */,
				0F4417471905FC930090E88C /* CKFreeResponse.m in Sources */,
				0F17EA091947AB2F00EBE443 /* CKGroupRootVC.m in Sources */,
				0F4417261905F0120090E88C /* CKGroup.m in Sources */,
				0F17EA101947B95C00EBE443 /* CKAllEventsVC.m in Sources */,
			);
			runOnlyForDeploymentPostprocessing = 0;
		};
		0F37B67E1905CEC30006444C /* Sources */ = {
			isa = PBXSourcesBuildPhase;
			buildActionMask = 2147483647;
			files = (
				0F37B6911905CEC30006444C /* SnapollTests.m in Sources */,
			);
			runOnlyForDeploymentPostprocessing = 0;
		};
/* End PBXSourcesBuildPhase section */

/* Begin PBXTargetDependency section */
		0F37B6891905CEC30006444C /* PBXTargetDependency */ = {
			isa = PBXTargetDependency;
			target = 0F37B6611905CEC20006444C /* Snapoll */;
			targetProxy = 0F37B6881905CEC30006444C /* PBXContainerItemProxy */;
		};
/* End PBXTargetDependency section */

/* Begin PBXVariantGroup section */
		0F37B6701905CEC30006444C /* InfoPlist.strings */ = {
			isa = PBXVariantGroup;
			children = (
				0F37B6711905CEC30006444C /* en */,
			);
			name = InfoPlist.strings;
			sourceTree = "<group>";
		};
		0F37B68D1905CEC30006444C /* InfoPlist.strings */ = {
			isa = PBXVariantGroup;
			children = (
				0F37B68E1905CEC30006444C /* en */,
			);
			name = InfoPlist.strings;
			sourceTree = "<group>";
		};
/* End PBXVariantGroup section */

/* Begin XCBuildConfiguration section */
		0F37B6921905CEC30006444C /* Debug */ = {
			isa = XCBuildConfiguration;
			buildSettings = {
				ALWAYS_SEARCH_USER_PATHS = NO;
				CLANG_CXX_LANGUAGE_STANDARD = "gnu++0x";
				CLANG_CXX_LIBRARY = "libc++";
				CLANG_ENABLE_MODULES = YES;
				CLANG_ENABLE_OBJC_ARC = YES;
				CLANG_WARN_BOOL_CONVERSION = YES;
				CLANG_WARN_CONSTANT_CONVERSION = YES;
				CLANG_WARN_DIRECT_OBJC_ISA_USAGE = YES_ERROR;
				CLANG_WARN_EMPTY_BODY = YES;
				CLANG_WARN_ENUM_CONVERSION = YES;
				CLANG_WARN_INT_CONVERSION = YES;
				CLANG_WARN_OBJC_ROOT_CLASS = YES_ERROR;
				CLANG_WARN__DUPLICATE_METHOD_MATCH = YES;
				"CODE_SIGN_IDENTITY[sdk=iphoneos*]" = "iPhone Developer";
				COPY_PHASE_STRIP = NO;
				GCC_C_LANGUAGE_STANDARD = gnu99;
				GCC_DYNAMIC_NO_PIC = NO;
				GCC_OPTIMIZATION_LEVEL = 0;
				GCC_PREPROCESSOR_DEFINITIONS = (
					"DEBUG=1",
					"$(inherited)",
				);
				GCC_SYMBOLS_PRIVATE_EXTERN = NO;
				GCC_WARN_64_TO_32_BIT_CONVERSION = YES;
				GCC_WARN_ABOUT_RETURN_TYPE = YES_ERROR;
				GCC_WARN_UNDECLARED_SELECTOR = YES;
				GCC_WARN_UNINITIALIZED_AUTOS = YES_AGGRESSIVE;
				GCC_WARN_UNUSED_FUNCTION = YES;
				GCC_WARN_UNUSED_VARIABLE = YES;
				IPHONEOS_DEPLOYMENT_TARGET = 7.1;
				ONLY_ACTIVE_ARCH = YES;
				SDKROOT = iphoneos;
			};
			name = Debug;
		};
		0F37B6931905CEC30006444C /* Release */ = {
			isa = XCBuildConfiguration;
			buildSettings = {
				ALWAYS_SEARCH_USER_PATHS = NO;
				CLANG_CXX_LANGUAGE_STANDARD = "gnu++0x";
				CLANG_CXX_LIBRARY = "libc++";
				CLANG_ENABLE_MODULES = YES;
				CLANG_ENABLE_OBJC_ARC = YES;
				CLANG_WARN_BOOL_CONVERSION = YES;
				CLANG_WARN_CONSTANT_CONVERSION = YES;
				CLANG_WARN_DIRECT_OBJC_ISA_USAGE = YES_ERROR;
				CLANG_WARN_EMPTY_BODY = YES;
				CLANG_WARN_ENUM_CONVERSION = YES;
				CLANG_WARN_INT_CONVERSION = YES;
				CLANG_WARN_OBJC_ROOT_CLASS = YES_ERROR;
				CLANG_WARN__DUPLICATE_METHOD_MATCH = YES;
				"CODE_SIGN_IDENTITY[sdk=iphoneos*]" = "iPhone Developer";
				COPY_PHASE_STRIP = YES;
				ENABLE_NS_ASSERTIONS = NO;
				GCC_C_LANGUAGE_STANDARD = gnu99;
				GCC_WARN_64_TO_32_BIT_CONVERSION = YES;
				GCC_WARN_ABOUT_RETURN_TYPE = YES_ERROR;
				GCC_WARN_UNDECLARED_SELECTOR = YES;
				GCC_WARN_UNINITIALIZED_AUTOS = YES_AGGRESSIVE;
				GCC_WARN_UNUSED_FUNCTION = YES;
				GCC_WARN_UNUSED_VARIABLE = YES;
				IPHONEOS_DEPLOYMENT_TARGET = 7.1;
				SDKROOT = iphoneos;
				VALIDATE_PRODUCT = YES;
			};
			name = Release;
		};
		0F37B6951905CEC30006444C /* Debug */ = {
			isa = XCBuildConfiguration;
			buildSettings = {
				ASSETCATALOG_COMPILER_APPICON_NAME = AppIcon;
				ASSETCATALOG_COMPILER_LAUNCHIMAGE_NAME = LaunchImage;
				FRAMEWORK_SEARCH_PATHS = (
					"$(inherited)",
					"$(PROJECT_DIR)",
				);
				GCC_PRECOMPILE_PREFIX_HEADER = YES;
				GCC_PREFIX_HEADER = "Snapoll/Snapoll-Prefix.pch";
				INFOPLIST_FILE = "Snapoll/Snapoll-Info.plist";
				PRODUCT_NAME = "$(TARGET_NAME)";
				WRAPPER_EXTENSION = app;
			};
			name = Debug;
		};
		0F37B6961905CEC30006444C /* Release */ = {
			isa = XCBuildConfiguration;
			buildSettings = {
				ASSETCATALOG_COMPILER_APPICON_NAME = AppIcon;
				ASSETCATALOG_COMPILER_LAUNCHIMAGE_NAME = LaunchImage;
				FRAMEWORK_SEARCH_PATHS = (
					"$(inherited)",
					"$(PROJECT_DIR)",
				);
				GCC_PRECOMPILE_PREFIX_HEADER = YES;
				GCC_PREFIX_HEADER = "Snapoll/Snapoll-Prefix.pch";
				INFOPLIST_FILE = "Snapoll/Snapoll-Info.plist";
				PRODUCT_NAME = "$(TARGET_NAME)";
				WRAPPER_EXTENSION = app;
			};
			name = Release;
		};
		0F37B6981905CEC30006444C /* Debug */ = {
			isa = XCBuildConfiguration;
			buildSettings = {
				BUNDLE_LOADER = "$(BUILT_PRODUCTS_DIR)/Snapoll.app/Snapoll";
				FRAMEWORK_SEARCH_PATHS = (
					"$(SDKROOT)/Developer/Library/Frameworks",
					"$(inherited)",
					"$(DEVELOPER_FRAMEWORKS_DIR)",
				);
				GCC_PRECOMPILE_PREFIX_HEADER = YES;
				GCC_PREFIX_HEADER = "Snapoll/Snapoll-Prefix.pch";
				GCC_PREPROCESSOR_DEFINITIONS = (
					"DEBUG=1",
					"$(inherited)",
				);
				INFOPLIST_FILE = "SnapollTests/SnapollTests-Info.plist";
				PRODUCT_NAME = "$(TARGET_NAME)";
				TEST_HOST = "$(BUNDLE_LOADER)";
				WRAPPER_EXTENSION = xctest;
			};
			name = Debug;
		};
		0F37B6991905CEC30006444C /* Release */ = {
			isa = XCBuildConfiguration;
			buildSettings = {
				BUNDLE_LOADER = "$(BUILT_PRODUCTS_DIR)/Snapoll.app/Snapoll";
				FRAMEWORK_SEARCH_PATHS = (
					"$(SDKROOT)/Developer/Library/Frameworks",
					"$(inherited)",
					"$(DEVELOPER_FRAMEWORKS_DIR)",
				);
				GCC_PRECOMPILE_PREFIX_HEADER = YES;
				GCC_PREFIX_HEADER = "Snapoll/Snapoll-Prefix.pch";
				INFOPLIST_FILE = "SnapollTests/SnapollTests-Info.plist";
				PRODUCT_NAME = "$(TARGET_NAME)";
				TEST_HOST = "$(BUNDLE_LOADER)";
				WRAPPER_EXTENSION = xctest;
			};
			name = Release;
		};
/* End XCBuildConfiguration section */

/* Begin XCConfigurationList section */
		0F37B65D1905CEC20006444C /* Build configuration list for PBXProject "Snapoll" */ = {
			isa = XCConfigurationList;
			buildConfigurations = (
				0F37B6921905CEC30006444C /* Debug */,
				0F37B6931905CEC30006444C /* Release */,
			);
			defaultConfigurationIsVisible = 0;
			defaultConfigurationName = Release;
		};
		0F37B6941905CEC30006444C /* Build configuration list for PBXNativeTarget "Snapoll" */ = {
			isa = XCConfigurationList;
			buildConfigurations = (
				0F37B6951905CEC30006444C /* Debug */,
				0F37B6961905CEC30006444C /* Release */,
			);
			defaultConfigurationIsVisible = 0;
			defaultConfigurationName = Release;
		};
		0F37B6971905CEC30006444C /* Build configuration list for PBXNativeTarget "SnapollTests" */ = {
			isa = XCConfigurationList;
			buildConfigurations = (
				0F37B6981905CEC30006444C /* Debug */,
				0F37B6991905CEC30006444C /* Release */,
			);
			defaultConfigurationIsVisible = 0;
			defaultConfigurationName = Release;
		};
/* End XCConfigurationList section */

/* Begin XCVersionGroup section */
		0F37B6791905CEC30006444C /* Snapoll.xcdatamodeld */ = {
			isa = XCVersionGroup;
			children = (
				0F37B67A1905CEC30006444C /* Snapoll.xcdatamodel */,
			);
			currentVersion = 0F37B67A1905CEC30006444C /* Snapoll.xcdatamodel */;
			name = Snapoll.xcdatamodeld;
			path = Snapoll/Snapoll.xcdatamodeld;
			sourceTree = "<group>";
			versionGroupType = wrapper.xcdatamodel;
		};
/* End XCVersionGroup section */
	};
	rootObject = 0F37B65A1905CEC20006444C /* Project object */;
}
